// !$*UTF8*$!
{
	archiveVersion = 1;
	classes = {
	};
	objectVersion = 55;
	objects = {

/* Begin PBXBuildFile section */
		18CDE85528F1456C00AAC8DA /* AppDelegate.swift in Sources */ = {isa = PBXBuildFile; fileRef = 18CDE85428F1456C00AAC8DA /* AppDelegate.swift */; };
		18CDE85728F1456C00AAC8DA /* SceneDelegate.swift in Sources */ = {isa = PBXBuildFile; fileRef = 18CDE85628F1456C00AAC8DA /* SceneDelegate.swift */; };
		18CDE85928F1456C00AAC8DA /* ViewController.swift in Sources */ = {isa = PBXBuildFile; fileRef = 18CDE85828F1456C00AAC8DA /* ViewController.swift */; };
		18CDE85C28F1456C00AAC8DA /* Main.storyboard in Resources */ = {isa = PBXBuildFile; fileRef = 18CDE85A28F1456C00AAC8DA /* Main.storyboard */; };
		18CDE85E28F1456E00AAC8DA /* Assets.xcassets in Resources */ = {isa = PBXBuildFile; fileRef = 18CDE85D28F1456E00AAC8DA /* Assets.xcassets */; };
		18CDE86128F1456E00AAC8DA /* LaunchScreen.storyboard in Resources */ = {isa = PBXBuildFile; fileRef = 18CDE85F28F1456E00AAC8DA /* LaunchScreen.storyboard */; };
		18CDE86C28F1456E00AAC8DA /* calculatorapp2Tests.swift in Sources */ = {isa = PBXBuildFile; fileRef = 18CDE86B28F1456E00AAC8DA /* calculatorapp2Tests.swift */; };
		18CDE87628F1456E00AAC8DA /* calculatorapp2UITests.swift in Sources */ = {isa = PBXBuildFile; fileRef = 18CDE87528F1456E00AAC8DA /* calculatorapp2UITests.swift */; };
		18CDE87828F1456E00AAC8DA /* calculatorapp2UITestsLaunchTests.swift in Sources */ = {isa = PBXBuildFile; fileRef = 18CDE87728F1456E00AAC8DA /* calculatorapp2UITestsLaunchTests.swift */; };
/* End PBXBuildFile section */

/* Begin PBXContainerItemProxy section */
		18CDE86828F1456E00AAC8DA /* PBXContainerItemProxy */ = {
			isa = PBXContainerItemProxy;
			containerPortal = 18CDE84928F1456C00AAC8DA /* Project object */;
			proxyType = 1;
			remoteGlobalIDString = 18CDE85028F1456C00AAC8DA;
			remoteInfo = calculatorapp2;
		};
		18CDE87228F1456E00AAC8DA /* PBXContainerItemProxy */ = {
			isa = PBXContainerItemProxy;
			containerPortal = 18CDE84928F1456C00AAC8DA /* Project object */;
			proxyType = 1;
			remoteGlobalIDString = 18CDE85028F1456C00AAC8DA;
			remoteInfo = calculatorapp2;
		};
/* End PBXContainerItemProxy section */

/* Begin PBXFileReference section */
		18CDE85128F1456C00AAC8DA /* calculatorapp2.app */ = {isa = PBXFileReference; explicitFileType = wrapper.application; includeInIndex = 0; path = calculatorapp2.app; sourceTree = BUILT_PRODUCTS_DIR; };
		18CDE85428F1456C00AAC8DA /* AppDelegate.swift */ = {isa = PBXFileReference; lastKnownFileType = sourcecode.swift; path = AppDelegate.swift; sourceTree = "<group>"; };
		18CDE85628F1456C00AAC8DA /* SceneDelegate.swift */ = {isa = PBXFileReference; lastKnownFileType = sourcecode.swift; path = SceneDelegate.swift; sourceTree = "<group>"; };
		18CDE85828F1456C00AAC8DA /* ViewController.swift */ = {isa = PBXFileReference; lastKnownFileType = sourcecode.swift; path = ViewController.swift; sourceTree = "<group>"; };
		18CDE85B28F1456C00AAC8DA /* Base */ = {isa = PBXFileReference; lastKnownFileType = file.storyboard; name = Base; path = Base.lproj/Main.storyboard; sourceTree = "<group>"; };
		18CDE85D28F1456E00AAC8DA /* Assets.xcassets */ = {isa = PBXFileReference; lastKnownFileType = folder.assetcatalog; path = Assets.xcassets; sourceTree = "<group>"; };
		18CDE86028F1456E00AAC8DA /* Base */ = {isa = PBXFileReference; lastKnownFileType = file.storyboard; name = Base; path = Base.lproj/LaunchScreen.storyboard; sourceTree = "<group>"; };
		18CDE86228F1456E00AAC8DA /* Info.plist */ = {isa = PBXFileReference; lastKnownFileType = text.plist.xml; path = Info.plist; sourceTree = "<group>"; };
		18CDE86728F1456E00AAC8DA /* calculatorapp2Tests.xctest */ = {isa = PBXFileReference; explicitFileType = wrapper.cfbundle; includeInIndex = 0; path = calculatorapp2Tests.xctest; sourceTree = BUILT_PRODUCTS_DIR; };
		18CDE86B28F1456E00AAC8DA /* calculatorapp2Tests.swift */ = {isa = PBXFileReference; lastKnownFileType = sourcecode.swift; path = calculatorapp2Tests.swift; sourceTree = "<group>"; };
		18CDE87128F1456E00AAC8DA /* calculatorapp2UITests.xctest */ = {isa = PBXFileReference; explicitFileType = wrapper.cfbundle; includeInIndex = 0; path = calculatorapp2UITests.xctest; sourceTree = BUILT_PRODUCTS_DIR; };
		18CDE87528F1456E00AAC8DA /* calculatorapp2UITests.swift */ = {isa = PBXFileReference; lastKnownFileType = sourcecode.swift; path = calculatorapp2UITests.swift; sourceTree = "<group>"; };
		18CDE87728F1456E00AAC8DA /* calculatorapp2UITestsLaunchTests.swift */ = {isa = PBXFileReference; lastKnownFileType = sourcecode.swift; path = calculatorapp2UITestsLaunchTests.swift; sourceTree = "<group>"; };
/* End PBXFileReference section */

/* Begin PBXFrameworksBuildPhase section */
		18CDE84E28F1456C00AAC8DA /* Frameworks */ = {
			isa = PBXFrameworksBuildPhase;
			buildActionMask = 2147483647;
			files = (
			);
			runOnlyForDeploymentPostprocessing = 0;
		};
		18CDE86428F1456E00AAC8DA /* Frameworks */ = {
			isa = PBXFrameworksBuildPhase;
			buildActionMask = 2147483647;
			files = (
			);
			runOnlyForDeploymentPostprocessing = 0;
		};
		18CDE86E28F1456E00AAC8DA /* Frameworks */ = {
			isa = PBXFrameworksBuildPhase;
			buildActionMask = 2147483647;
			files = (
			);
			runOnlyForDeploymentPostprocessing = 0;
		};
/* End PBXFrameworksBuildPhase section */

/* Begin PBXGroup section */
		18CDE84828F1456C00AAC8DA = {
			isa = PBXGroup;
			children = (
				18CDE85328F1456C00AAC8DA /* calculatorapp2 */,
				18CDE86A28F1456E00AAC8DA /* calculatorapp2Tests */,
				18CDE87428F1456E00AAC8DA /* calculatorapp2UITests */,
				18CDE85228F1456C00AAC8DA /* Products */,
			);
			sourceTree = "<group>";
		};
		18CDE85228F1456C00AAC8DA /* Products */ = {
			isa = PBXGroup;
			children = (
				18CDE85128F1456C00AAC8DA /* calculatorapp2.app */,
				18CDE86728F1456E00AAC8DA /* calculatorapp2Tests.xctest */,
				18CDE87128F1456E00AAC8DA /* calculatorapp2UITests.xctest */,
			);
			name = Products;
			sourceTree = "<group>";
		};
		18CDE85328F1456C00AAC8DA /* calculatorapp2 */ = {
			isa = PBXGroup;
			children = (
				18CDE85428F1456C00AAC8DA /* AppDelegate.swift */,
				18CDE85628F1456C00AAC8DA /* SceneDelegate.swift */,
				18CDE85828F1456C00AAC8DA /* ViewController.swift */,
				18CDE85A28F1456C00AAC8DA /* Main.storyboard */,
				18CDE85D28F1456E00AAC8DA /* Assets.xcassets */,
				18CDE85F28F1456E00AAC8DA /* LaunchScreen.storyboard */,
				18CDE86228F1456E00AAC8DA /* Info.plist */,
			);
			path = calculatorapp2;
			sourceTree = "<group>";
		};
		18CDE86A28F1456E00AAC8DA /* calculatorapp2Tests */ = {
			isa = PBXGroup;
			children = (
				18CDE86B28F1456E00AAC8DA /* calculatorapp2Tests.swift */,
			);
			path = calculatorapp2Tests;
			sourceTree = "<group>";
		};
		18CDE87428F1456E00AAC8DA /* calculatorapp2UITests */ = {
			isa = PBXGroup;
			children = (
				18CDE87528F1456E00AAC8DA /* calculatorapp2UITests.swift */,
				18CDE87728F1456E00AAC8DA /* calculatorapp2UITestsLaunchTests.swift */,
			);
			path = calculatorapp2UITests;
			sourceTree = "<group>";
		};
/* End PBXGroup section */

/* Begin PBXNativeTarget section */
		18CDE85028F1456C00AAC8DA /* calculatorapp2 */ = {
			isa = PBXNativeTarget;
			buildConfigurationList = 18CDE87B28F1456E00AAC8DA /* Build configuration list for PBXNativeTarget "calculatorapp2" */;
			buildPhases = (
				18CDE84D28F1456C00AAC8DA /* Sources */,
				18CDE84E28F1456C00AAC8DA /* Frameworks */,
				18CDE84F28F1456C00AAC8DA /* Resources */,
			);
			buildRules = (
			);
			dependencies = (
			);
			name = calculatorapp2;
			productName = calculatorapp2;
			productReference = 18CDE85128F1456C00AAC8DA /* calculatorapp2.app */;
			productType = "com.apple.product-type.application";
		};
		18CDE86628F1456E00AAC8DA /* calculatorapp2Tests */ = {
			isa = PBXNativeTarget;
			buildConfigurationList = 18CDE87E28F1456E00AAC8DA /* Build configuration list for PBXNativeTarget "calculatorapp2Tests" */;
			buildPhases = (
				18CDE86328F1456E00AAC8DA /* Sources */,
				18CDE86428F1456E00AAC8DA /* Frameworks */,
				18CDE86528F1456E00AAC8DA /* Resources */,
			);
			buildRules = (
			);
			dependencies = (
				18CDE86928F1456E00AAC8DA /* PBXTargetDependency */,
			);
			name = calculatorapp2Tests;
			productName = calculatorapp2Tests;
			productReference = 18CDE86728F1456E00AAC8DA /* calculatorapp2Tests.xctest */;
			productType = "com.apple.product-type.bundle.unit-test";
		};
		18CDE87028F1456E00AAC8DA /* calculatorapp2UITests */ = {
			isa = PBXNativeTarget;
			buildConfigurationList = 18CDE88128F1456E00AAC8DA /* Build configuration list for PBXNativeTarget "calculatorapp2UITests" */;
			buildPhases = (
				18CDE86D28F1456E00AAC8DA /* Sources */,
				18CDE86E28F1456E00AAC8DA /* Frameworks */,
				18CDE86F28F1456E00AAC8DA /* Resources */,
			);
			buildRules = (
			);
			dependencies = (
				18CDE87328F1456E00AAC8DA /* PBXTargetDependency */,
			);
			name = calculatorapp2UITests;
			productName = calculatorapp2UITests;
			productReference = 18CDE87128F1456E00AAC8DA /* calculatorapp2UITests.xctest */;
			productType = "com.apple.product-type.bundle.ui-testing";
		};
/* End PBXNativeTarget section */

/* Begin PBXProject section */
		18CDE84928F1456C00AAC8DA /* Project object */ = {
			isa = PBXProject;
			attributes = {
				BuildIndependentTargetsInParallel = 1;
				LastSwiftUpdateCheck = 1340;
				LastUpgradeCheck = 1340;
				TargetAttributes = {
					18CDE85028F1456C00AAC8DA = {
						CreatedOnToolsVersion = 13.4.1;
					};
					18CDE86628F1456E00AAC8DA = {
						CreatedOnToolsVersion = 13.4.1;
						TestTargetID = 18CDE85028F1456C00AAC8DA;
					};
					18CDE87028F1456E00AAC8DA = {
						CreatedOnToolsVersion = 13.4.1;
						TestTargetID = 18CDE85028F1456C00AAC8DA;
					};
				};
			};
			buildConfigurationList = 18CDE84C28F1456C00AAC8DA /* Build configuration list for PBXProject "calculatorapp2" */;
			compatibilityVersion = "Xcode 13.0";
			developmentRegion = en;
			hasScannedForEncodings = 0;
			knownRegions = (
				en,
				Base,
			);
			mainGroup = 18CDE84828F1456C00AAC8DA;
			productRefGroup = 18CDE85228F1456C00AAC8DA /* Products */;
			projectDirPath = "";
			projectRoot = "";
			targets = (
				18CDE85028F1456C00AAC8DA /* calculatorapp2 */,
				18CDE86628F1456E00AAC8DA /* calculatorapp2Tests */,
				18CDE87028F1456E00AAC8DA /* calculatorapp2UITests */,
			);
		};
/* End PBXProject section */

/* Begin PBXResourcesBuildPhase section */
		18CDE84F28F1456C00AAC8DA /* Resources */ = {
			isa = PBXResourcesBuildPhase;
			buildActionMask = 2147483647;
			files = (
				18CDE86128F1456E00AAC8DA /* LaunchScreen.storyboard in Resources */,
				18CDE85E28F1456E00AAC8DA /* Assets.xcassets in Resources */,
				18CDE85C28F1456C00AAC8DA /* Main.storyboard in Resources */,
			);
			runOnlyForDeploymentPostprocessing = 0;
		};
		18CDE86528F1456E00AAC8DA /* Resources */ = {
			isa = PBXResourcesBuildPhase;
			buildActionMask = 2147483647;
			files = (
			);
			runOnlyForDeploymentPostprocessing = 0;
		};
		18CDE86F28F1456E00AAC8DA /* Resources */ = {
			isa = PBXResourcesBuildPhase;
			buildActionMask = 2147483647;
			files = (
			);
			runOnlyForDeploymentPostprocessing = 0;
		};
/* End PBXResourcesBuildPhase section */

/* Begin PBXSourcesBuildPhase section */
		18CDE84D28F1456C00AAC8DA /* Sources */ = {
			isa = PBXSourcesBuildPhase;
			buildActionMask = 2147483647;
			files = (
				18CDE85928F1456C00AAC8DA /* ViewController.swift in Sources */,
				18CDE85528F1456C00AAC8DA /* AppDelegate.swift in Sources */,
				18CDE85728F1456C00AAC8DA /* SceneDelegate.swift in Sources */,
			);
			runOnlyForDeploymentPostprocessing = 0;
		};
		18CDE86328F1456E00AAC8DA /* Sources */ = {
			isa = PBXSourcesBuildPhase;
			buildActionMask = 2147483647;
			files = (
				18CDE86C28F1456E00AAC8DA /* calculatorapp2Tests.swift in Sources */,
			);
			runOnlyForDeploymentPostprocessing = 0;
		};
		18CDE86D28F1456E00AAC8DA /* Sources */ = {
			isa = PBXSourcesBuildPhase;
			buildActionMask = 2147483647;
			files = (
				18CDE87628F1456E00AAC8DA /* calculatorapp2UITests.swift in Sources */,
				18CDE87828F1456E00AAC8DA /* calculatorapp2UITestsLaunchTests.swift in Sources */,
			);
			runOnlyForDeploymentPostprocessing = 0;
		};
/* End PBXSourcesBuildPhase section */

/* Begin PBXTargetDependency section */
		18CDE86928F1456E00AAC8DA /* PBXTargetDependency */ = {
			isa = PBXTargetDependency;
			target = 18CDE85028F1456C00AAC8DA /* calculatorapp2 */;
			targetProxy = 18CDE86828F1456E00AAC8DA /* PBXContainerItemProxy */;
		};
		18CDE87328F1456E00AAC8DA /* PBXTargetDependency */ = {
			isa = PBXTargetDependency;
			target = 18CDE85028F1456C00AAC8DA /* calculatorapp2 */;
			targetProxy = 18CDE87228F1456E00AAC8DA /* PBXContainerItemProxy */;
		};
/* End PBXTargetDependency section */

/* Begin PBXVariantGroup section */
		18CDE85A28F1456C00AAC8DA /* Main.storyboard */ = {
			isa = PBXVariantGroup;
			children = (
				18CDE85B28F1456C00AAC8DA /* Base */,
			);
			name = Main.storyboard;
			sourceTree = "<group>";
		};
		18CDE85F28F1456E00AAC8DA /* LaunchScreen.storyboard */ = {
			isa = PBXVariantGroup;
			children = (
				18CDE86028F1456E00AAC8DA /* Base */,
			);
			name = LaunchScreen.storyboard;
			sourceTree = "<group>";
		};
/* End PBXVariantGroup section */

/* Begin XCBuildConfiguration section */
		18CDE87928F1456E00AAC8DA /* Debug */ = {
			isa = XCBuildConfiguration;
			buildSettings = {
				ALWAYS_SEARCH_USER_PATHS = NO;
				CLANG_ANALYZER_NONNULL = YES;
				CLANG_ANALYZER_NUMBER_OBJECT_CONVERSION = YES_AGGRESSIVE;
				CLANG_CXX_LANGUAGE_STANDARD = "gnu++17";
				CLANG_ENABLE_MODULES = YES;
				CLANG_ENABLE_OBJC_ARC = YES;
				CLANG_ENABLE_OBJC_WEAK = YES;
				CLANG_WARN_BLOCK_CAPTURE_AUTORELEASING = YES;
				CLANG_WARN_BOOL_CONVERSION = YES;
				CLANG_WARN_COMMA = YES;
				CLANG_WARN_CONSTANT_CONVERSION = YES;
				CLANG_WARN_DEPRECATED_OBJC_IMPLEMENTATIONS = YES;
				CLANG_WARN_DIRECT_OBJC_ISA_USAGE = YES_ERROR;
				CLANG_WARN_DOCUMENTATION_COMMENTS = YES;
				CLANG_WARN_EMPTY_BODY = YES;
				CLANG_WARN_ENUM_CONVERSION = YES;
				CLANG_WARN_INFINITE_RECURSION = YES;
				CLANG_WARN_INT_CONVERSION = YES;
				CLANG_WARN_NON_LITERAL_NULL_CONVERSION = YES;
				CLANG_WARN_OBJC_IMPLICIT_RETAIN_SELF = YES;
				CLANG_WARN_OBJC_LITERAL_CONVERSION = YES;
				CLANG_WARN_OBJC_ROOT_CLASS = YES_ERROR;
				CLANG_WARN_QUOTED_INCLUDE_IN_FRAMEWORK_HEADER = YES;
				CLANG_WARN_RANGE_LOOP_ANALYSIS = YES;
				CLANG_WARN_STRICT_PROTOTYPES = YES;
				CLANG_WARN_SUSPICIOUS_MOVE = YES;
				CLANG_WARN_UNGUARDED_AVAILABILITY = YES_AGGRESSIVE;
				CLANG_WARN_UNREACHABLE_CODE = YES;
				CLANG_WARN__DUPLICATE_METHOD_MATCH = YES;
				COPY_PHASE_STRIP = NO;
				DEBUG_INFORMATION_FORMAT = dwarf;
				ENABLE_STRICT_OBJC_MSGSEND = YES;
				ENABLE_TESTABILITY = YES;
				GCC_C_LANGUAGE_STANDARD = gnu11;
				GCC_DYNAMIC_NO_PIC = NO;
				GCC_NO_COMMON_BLOCKS = YES;
				GCC_OPTIMIZATION_LEVEL = 0;
				GCC_PREPROCESSOR_DEFINITIONS = (
					"DEBUG=1",
					"$(inherited)",
				);
				GCC_WARN_64_TO_32_BIT_CONVERSION = YES;
				GCC_WARN_ABOUT_RETURN_TYPE = YES_ERROR;
				GCC_WARN_UNDECLARED_SELECTOR = YES;
				GCC_WARN_UNINITIALIZED_AUTOS = YES_AGGRESSIVE;
				GCC_WARN_UNUSED_FUNCTION = YES;
				GCC_WARN_UNUSED_VARIABLE = YES;
				IPHONEOS_DEPLOYMENT_TARGET = 15.5;
				MTL_ENABLE_DEBUG_INFO = INCLUDE_SOURCE;
				MTL_FAST_MATH = YES;
				ONLY_ACTIVE_ARCH = YES;
				SDKROOT = iphoneos;
				SWIFT_ACTIVE_COMPILATION_CONDITIONS = DEBUG;
				SWIFT_OPTIMIZATION_LEVEL = "-Onone";
			};
			name = Debug;
		};
		18CDE87A28F1456E00AAC8DA /* Release */ = {
			isa = XCBuildConfiguration;
			buildSettings = {
				ALWAYS_SEARCH_USER_PATHS = NO;
				CLANG_ANALYZER_NONNULL = YES;
				CLANG_ANALYZER_NUMBER_OBJECT_CONVERSION = YES_AGGRESSIVE;
				CLANG_CXX_LANGUAGE_STANDARD = "gnu++17";
				CLANG_ENABLE_MODULES = YES;
				CLANG_ENABLE_OBJC_ARC = YES;
				CLANG_ENABLE_OBJC_WEAK = YES;
				CLANG_WARN_BLOCK_CAPTURE_AUTORELEASING = YES;
				CLANG_WARN_BOOL_CONVERSION = YES;
				CLANG_WARN_COMMA = YES;
				CLANG_WARN_CONSTANT_CONVERSION = YES;
				CLANG_WARN_DEPRECATED_OBJC_IMPLEMENTATIONS = YES;
				CLANG_WARN_DIRECT_OBJC_ISA_USAGE = YES_ERROR;
				CLANG_WARN_DOCUMENTATION_COMMENTS = YES;
				CLANG_WARN_EMPTY_BODY = YES;
				CLANG_WARN_ENUM_CONVERSION = YES;
				CLANG_WARN_INFINITE_RECURSION = YES;
				CLANG_WARN_INT_CONVERSION = YES;
				CLANG_WARN_NON_LITERAL_NULL_CONVERSION = YES;
				CLANG_WARN_OBJC_IMPLICIT_RETAIN_SELF = YES;
				CLANG_WARN_OBJC_LITERAL_CONVERSION = YES;
				CLANG_WARN_OBJC_ROOT_CLASS = YES_ERROR;
				CLANG_WARN_QUOTED_INCLUDE_IN_FRAMEWORK_HEADER = YES;
				CLANG_WARN_RANGE_LOOP_ANALYSIS = YES;
				CLANG_WARN_STRICT_PROTOTYPES = YES;
				CLANG_WARN_SUSPICIOUS_MOVE = YES;
				CLANG_WARN_UNGUARDED_AVAILABILITY = YES_AGGRESSIVE;
				CLANG_WARN_UNREACHABLE_CODE = YES;
				CLANG_WARN__DUPLICATE_METHOD_MATCH = YES;
				COPY_PHASE_STRIP = NO;
				DEBUG_INFORMATION_FORMAT = "dwarf-with-dsym";
				ENABLE_NS_ASSERTIONS = NO;
				ENABLE_STRICT_OBJC_MSGSEND = YES;
				GCC_C_LANGUAGE_STANDARD = gnu11;
				GCC_NO_COMMON_BLOCKS = YES;
				GCC_WARN_64_TO_32_BIT_CONVERSION = YES;
				GCC_WARN_ABOUT_RETURN_TYPE = YES_ERROR;
				GCC_WARN_UNDECLARED_SELECTOR = YES;
				GCC_WARN_UNINITIALIZED_AUTOS = YES_AGGRESSIVE;
				GCC_WARN_UNUSED_FUNCTION = YES;
				GCC_WARN_UNUSED_VARIABLE = YES;
				IPHONEOS_DEPLOYMENT_TARGET = 15.5;
				MTL_ENABLE_DEBUG_INFO = NO;
				MTL_FAST_MATH = YES;
				SDKROOT = iphoneos;
				SWIFT_COMPILATION_MODE = wholemodule;
				SWIFT_OPTIMIZATION_LEVEL = "-O";
				VALIDATE_PRODUCT = YES;
			};
			name = Release;
		};
		18CDE87C28F1456E00AAC8DA /* Debug */ = {
			isa = XCBuildConfiguration;
			buildSettings = {
				ASSETCATALOG_COMPILER_APPICON_NAME = AppIcon;
				ASSETCATALOG_COMPILER_GLOBAL_ACCENT_COLOR_NAME = AccentColor;
				CODE_SIGN_STYLE = Automatic;
				CURRENT_PROJECT_VERSION = 1;
				GENERATE_INFOPLIST_FILE = YES;
				INFOPLIST_FILE = calculatorapp2/Info.plist;
				INFOPLIST_KEY_UIApplicationSupportsIndirectInputEvents = YES;
				INFOPLIST_KEY_UILaunchStoryboardName = LaunchScreen;
				INFOPLIST_KEY_UIMainStoryboardFile = Main;
				INFOPLIST_KEY_UISupportedInterfaceOrientations_iPad = "UIInterfaceOrientationPortrait UIInterfaceOrientationPortraitUpsideDown UIInterfaceOrientationLandscapeLeft UIInterfaceOrientationLandscapeRight";
				INFOPLIST_KEY_UISupportedInterfaceOrientations_iPhone = "UIInterfaceOrientationPortrait UIInterfaceOrientationLandscapeLeft UIInterfaceOrientationLandscapeRight";
				LD_RUNPATH_SEARCH_PATHS = (
					"$(inherited)",
					"@executable_path/Frameworks",
				);
				MARKETING_VERSION = 1.0;
				PRODUCT_BUNDLE_IDENTIFIER = "rit-test.calculatorapp2";
				PRODUCT_NAME = "$(TARGET_NAME)";
				SWIFT_EMIT_LOC_STRINGS = YES;
				SWIFT_VERSION = 5.0;
				TARGETED_DEVICE_FAMILY = "1,2";
			};
			name = Debug;
		};
		18CDE87D28F1456E00AAC8DA /* Release */ = {
			isa = XCBuildConfiguration;
			buildSettings = {
				ASSETCATALOG_COMPILER_APPICON_NAME = AppIcon;
				ASSETCATALOG_COMPILER_GLOBAL_ACCENT_COLOR_NAME = AccentColor;
				CODE_SIGN_STYLE = Automatic;
				CURRENT_PROJECT_VERSION = 1;
				GENERATE_INFOPLIST_FILE = YES;
				INFOPLIST_FILE = calculatorapp2/Info.plist;
				INFOPLIST_KEY_UIApplicationSupportsIndirectInputEvents = YES;
				INFOPLIST_KEY_UILaunchStoryboardName = LaunchScreen;
				INFOPLIST_KEY_UIMainStoryboardFile = Main;
				INFOPLIST_KEY_UISupportedInterfaceOrientations_iPad = "UIInterfaceOrientationPortrait UIInterfaceOrientationPortraitUpsideDown UIInterfaceOrientationLandscapeLeft UIInterfaceOrientationLandscapeRight";
				INFOPLIST_KEY_UISupportedInterfaceOrientations_iPhone = "UIInterfaceOrientationPortrait UIInterfaceOrientationLandscapeLeft UIInterfaceOrientationLandscapeRight";
				LD_RUNPATH_SEARCH_PATHS = (
					"$(inherited)",
					"@executable_path/Frameworks",
				);
				MARKETING_VERSION = 1.0;
				PRODUCT_BUNDLE_IDENTIFIER = "rit-test.calculatorapp2";
				PRODUCT_NAME = "$(TARGET_NAME)";
				SWIFT_EMIT_LOC_STRINGS = YES;
				SWIFT_VERSION = 5.0;
				TARGETED_DEVICE_FAMILY = "1,2";
			};
			name = Release;
		};
		18CDE87F28F1456E00AAC8DA /* Debug */ = {
			isa = XCBuildConfiguration;
			buildSettings = {
				ALWAYS_EMBED_SWIFT_STANDARD_LIBRARIES = YES;
				BUNDLE_LOADER = "$(TEST_HOST)";
				CODE_SIGN_STYLE = Automatic;
				CURRENT_PROJECT_VERSION = 1;
				GENERATE_INFOPLIST_FILE = YES;
				IPHONEOS_DEPLOYMENT_TARGET = 15.5;
				MARKETING_VERSION = 1.0;
				PRODUCT_BUNDLE_IDENTIFIER = "rit-test.calculatorapp2Tests";
				PRODUCT_NAME = "$(TARGET_NAME)";
				SWIFT_EMIT_LOC_STRINGS = NO;
				SWIFT_VERSION = 5.0;
				TARGETED_DEVICE_FAMILY = "1,2";
				TEST_HOST = "$(BUILT_PRODUCTS_DIR)/calculatorapp2.app/calculatorapp2";
			};
			name = Debug;
		};
		18CDE88028F1456E00AAC8DA /* Release */ = {
			isa = XCBuildConfiguration;
			buildSettings = {
				ALWAYS_EMBED_SWIFT_STANDARD_LIBRARIES = YES;
				BUNDLE_LOADER = "$(TEST_HOST)";
				CODE_SIGN_STYLE = Automatic;
				CURRENT_PROJECT_VERSION = 1;
				GENERATE_INFOPLIST_FILE = YES;
				IPHONEOS_DEPLOYMENT_TARGET = 15.5;
				MARKETING_VERSION = 1.0;
				PRODUCT_BUNDLE_IDENTIFIER = "rit-test.calculatorapp2Tests";
				PRODUCT_NAME = "$(TARGET_NAME)";
				SWIFT_EMIT_LOC_STRINGS = NO;
				SWIFT_VERSION = 5.0;
				TARGETED_DEVICE_FAMILY = "1,2";
				TEST_HOST = "$(BUILT_PRODUCTS_DIR)/calculatorapp2.app/calculatorapp2";
			};
			name = Release;
		};
		18CDE88228F1456E00AAC8DA /* Debug */ = {
			isa = XCBuildConfiguration;
			buildSettings = {
				ALWAYS_EMBED_SWIFT_STANDARD_LIBRARIES = YES;
				CODE_SIGN_STYLE = Automatic;
				CURRENT_PROJECT_VERSION = 1;
				GENERATE_INFOPLIST_FILE = YES;
				MARKETING_VERSION = 1.0;
				PRODUCT_BUNDLE_IDENTIFIER = "rit-test.calculatorapp2UITests";
				PRODUCT_NAME = "$(TARGET_NAME)";
				SWIFT_EMIT_LOC_STRINGS = NO;
				SWIFT_VERSION = 5.0;
				TARGETED_DEVICE_FAMILY = "1,2";
				TEST_TARGET_NAME = calculatorapp2;
			};
			name = Debug;
		};
		18CDE88328F1456E00AAC8DA /* Release */ = {
			isa = XCBuildConfiguration;
			buildSettings = {
				ALWAYS_EMBED_SWIFT_STANDARD_LIBRARIES = YES;
				CODE_SIGN_STYLE = Automatic;
				CURRENT_PROJECT_VERSION = 1;
				GENERATE_INFOPLIST_FILE = YES;
				MARKETING_VERSION = 1.0;
				PRODUCT_BUNDLE_IDENTIFIER = "rit-test.calculatorapp2UITests";
				PRODUCT_NAME = "$(TARGET_NAME)";
				SWIFT_EMIT_LOC_STRINGS = NO;
				SWIFT_VERSION = 5.0;
				TARGETED_DEVICE_FAMILY = "1,2";
				TEST_TARGET_NAME = calculatorapp2;
			};
			name = Release;
		};
/* End XCBuildConfiguration section */

/* Begin XCConfigurationList section */
		18CDE84C28F1456C00AAC8DA /* Build configuration list for PBXProject "calculatorapp2" */ = {
			isa = XCConfigurationList;
			buildConfigurations = (
				18CDE87928F1456E00AAC8DA /* Debug */,
				18CDE87A28F1456E00AAC8DA /* Release */,
			);
			defaultConfigurationIsVisible = 0;
			defaultConfigurationName = Release;
		};
		18CDE87B28F1456E00AAC8DA /* Build configuration list for PBXNativeTarget "calculatorapp2" */ = {
			isa = XCConfigurationList;
			buildConfigurations = (
				18CDE87C28F1456E00AAC8DA /* Debug */,
				18CDE87D28F1456E00AAC8DA /* Release */,
			);
			defaultConfigurationIsVisible = 0;
			defaultConfigurationName = Release;
		};
		18CDE87E28F1456E00AAC8DA /* Build configuration list for PBXNativeTarget "calculatorapp2Tests" */ = {
			isa = XCConfigurationList;
			buildConfigurations = (
				18CDE87F28F1456E00AAC8DA /* Debug */,
				18CDE88028F1456E00AAC8DA /* Release */,
			);
			defaultConfigurationIsVisible = 0;
			defaultConfigurationName = Release;
		};
		18CDE88128F1456E00AAC8DA /* Build configuration list for PBXNativeTarget "calculatorapp2UITests" */ = {
			isa = XCConfigurationList;
			buildConfigurations = (
				18CDE88228F1456E00AAC8DA /* Debug */,
				18CDE88328F1456E00AAC8DA /* Release */,
			);
			defaultConfigurationIsVisible = 0;
			defaultConfigurationName = Release;
		};
/* End XCConfigurationList section */
	};
	rootObject = 18CDE84928F1456C00AAC8DA /* Project object */;
}
